{
  "name": "BioLab",
  "lockfileVersion": 2,
  "requires": true,
  "packages": {
    "": {
      "dependencies": {
        "jquery-lang-js": "^4.0.0"
      }
    },
    "node_modules/jquery-lang-js": {
      "version": "4.0.0",
      "resolved": "https://registry.npmjs.org/jquery-lang-js/-/jquery-lang-js-4.0.0.tgz",
      "integrity": "sha512-G910uDoUbzECcGNlkluMyP6X1UskfV3AAS7uzrsGpWLr2WKl5/nOolxhnj6+282/DThdAgmbBX2bnso8xB2fxA==",
      "engines": {
        "node": "*"
      }
    }
  },
  "dependencies": {
    "jquery-lang-js": {
      "version": "4.0.0",
      "resolved": "https://registry.npmjs.org/jquery-lang-js/-/jquery-lang-js-4.0.0.tgz",
      "integrity": "sha512-G910uDoUbzECcGNlkluMyP6X1UskfV3AAS7uzrsGpWLr2WKl5/nOolxhnj6+282/DThdAgmbBX2bnso8xB2fxA=="
    }
  }
}
